// !$*UTF8*$!
{
	archiveVersion = 1;
	classes = {
	};
	objectVersion = 46;
	objects = {

/* Begin PBXBuildFile section */
		8B021B181DB626CC00B651C7 /* main.m in Sources */ = {isa = PBXBuildFile; fileRef = 8B021B171DB626CC00B651C7 /* main.m */; };
		8B021B1B1DB626CC00B651C7 /* AppDelegate.m in Sources */ = {isa = PBXBuildFile; fileRef = 8B021B1A1DB626CC00B651C7 /* AppDelegate.m */; };
		8B021B1E1DB626CC00B651C7 /* ViewController.m in Sources */ = {isa = PBXBuildFile; fileRef = 8B021B1D1DB626CC00B651C7 /* ViewController.m */; };
		8B021B211DB626CC00B651C7 /* Main.storyboard in Resources */ = {isa = PBXBuildFile; fileRef = 8B021B1F1DB626CC00B651C7 /* Main.storyboard */; };
		8B021B231DB626CC00B651C7 /* Assets.xcassets in Resources */ = {isa = PBXBuildFile; fileRef = 8B021B221DB626CC00B651C7 /* Assets.xcassets */; };
		8B021B261DB626CC00B651C7 /* LaunchScreen.storyboard in Resources */ = {isa = PBXBuildFile; fileRef = 8B021B241DB626CC00B651C7 /* LaunchScreen.storyboard */; };
		8B021B311DB626CC00B651C7 /* feTests.m in Sources */ = {isa = PBXBuildFile; fileRef = 8B021B301DB626CC00B651C7 /* feTests.m */; };
		8B021B3C1DB626CC00B651C7 /* feUITests.m in Sources */ = {isa = PBXBuildFile; fileRef = 8B021B3B1DB626CC00B651C7 /* feUITests.m */; };
		8BE0B4F91E02693D00AD8A01 /* Security.framework in Frameworks */ = {isa = PBXBuildFile; fileRef = 8BE0B4F81E02693D00AD8A01 /* Security.framework */; };
		8BE0B4FB1E0278BA00AD8A01 /* srca.cer in Resources */ = {isa = PBXBuildFile; fileRef = 8BE0B4FA1E0278BA00AD8A01 /* srca.cer */; };
/* End PBXBuildFile section */

/* Begin PBXContainerItemProxy section */
		8B021B2D1DB626CC00B651C7 /* PBXContainerItemProxy */ = {
			isa = PBXContainerItemProxy;
			containerPortal = 8B021B0B1DB626CC00B651C7 /* Project object */;
			proxyType = 1;
			remoteGlobalIDString = 8B021B121DB626CC00B651C7;
			remoteInfo = fe;
		};
		8B021B381DB626CC00B651C7 /* PBXContainerItemProxy */ = {
			isa = PBXContainerItemProxy;
			containerPortal = 8B021B0B1DB626CC00B651C7 /* Project object */;
			proxyType = 1;
			remoteGlobalIDString = 8B021B121DB626CC00B651C7;
			remoteInfo = fe;
		};
/* End PBXContainerItemProxy section */

/* Begin PBXFileReference section */
		8B021B131DB626CC00B651C7 /* HttpsServerTrust.app */ = {isa = PBXFileReference; explicitFileType = wrapper.application; includeInIndex = 0; path = HttpsServerTrust.app; sourceTree = BUILT_PRODUCTS_DIR; };
		8B021B171DB626CC00B651C7 /* main.m */ = {isa = PBXFileReference; lastKnownFileType = sourcecode.c.objc; path = main.m; sourceTree = "<group>"; };
		8B021B191DB626CC00B651C7 /* AppDelegate.h */ = {isa = PBXFileReference; lastKnownFileType = sourcecode.c.h; path = AppDelegate.h; sourceTree = "<group>"; };
		8B021B1A1DB626CC00B651C7 /* AppDelegate.m */ = {isa = PBXFileReference; lastKnownFileType = sourcecode.c.objc; path = AppDelegate.m; sourceTree = "<group>"; };
		8B021B1C1DB626CC00B651C7 /* ViewController.h */ = {isa = PBXFileReference; lastKnownFileType = sourcecode.c.h; path = ViewController.h; sourceTree = "<group>"; };
		8B021B1D1DB626CC00B651C7 /* ViewController.m */ = {isa = PBXFileReference; lastKnownFileType = sourcecode.c.objc; path = ViewController.m; sourceTree = "<group>"; };
		8B021B201DB626CC00B651C7 /* Base */ = {isa = PBXFileReference; lastKnownFileType = file.storyboard; name = Base; path = Base.lproj/Main.storyboard; sourceTree = "<group>"; };
		8B021B221DB626CC00B651C7 /* Assets.xcassets */ = {isa = PBXFileReference; lastKnownFileType = folder.assetcatalog; path = Assets.xcassets; sourceTree = "<group>"; };
		8B021B251DB626CC00B651C7 /* Base */ = {isa = PBXFileReference; lastKnownFileType = file.storyboard; name = Base; path = Base.lproj/LaunchScreen.storyboard; sourceTree = "<group>"; };
		8B021B271DB626CC00B651C7 /* Info.plist */ = {isa = PBXFileReference; lastKnownFileType = text.plist.xml; path = Info.plist; sourceTree = "<group>"; };
		8B021B2C1DB626CC00B651C7 /* HttpsServerTrustTests.xctest */ = {isa = PBXFileReference; explicitFileType = wrapper.cfbundle; includeInIndex = 0; path = HttpsServerTrustTests.xctest; sourceTree = BUILT_PRODUCTS_DIR; };
		8B021B301DB626CC00B651C7 /* feTests.m */ = {isa = PBXFileReference; lastKnownFileType = sourcecode.c.objc; path = feTests.m; sourceTree = "<group>"; };
		8B021B321DB626CC00B651C7 /* Info.plist */ = {isa = PBXFileReference; lastKnownFileType = text.plist.xml; path = Info.plist; sourceTree = "<group>"; };
		8B021B371DB626CC00B651C7 /* HttpsServerTrustUITests.xctest */ = {isa = PBXFileReference; explicitFileType = wrapper.cfbundle; includeInIndex = 0; path = HttpsServerTrustUITests.xctest; sourceTree = BUILT_PRODUCTS_DIR; };
		8B021B3B1DB626CC00B651C7 /* feUITests.m */ = {isa = PBXFileReference; lastKnownFileType = sourcecode.c.objc; path = feUITests.m; sourceTree = "<group>"; };
		8B021B3D1DB626CC00B651C7 /* Info.plist */ = {isa = PBXFileReference; lastKnownFileType = text.plist.xml; path = Info.plist; sourceTree = "<group>"; };
		8BE0B4F81E02693D00AD8A01 /* Security.framework */ = {isa = PBXFileReference; lastKnownFileType = wrapper.framework; name = Security.framework; path = System/Library/Frameworks/Security.framework; sourceTree = SDKROOT; };
		8BE0B4FA1E0278BA00AD8A01 /* srca.cer */ = {isa = PBXFileReference; lastKnownFileType = file; path = srca.cer; sourceTree = "<group>"; };
/* End PBXFileReference section */

/* Begin PBXFrameworksBuildPhase section */
		8B021B101DB626CC00B651C7 /* Frameworks */ = {
			isa = PBXFrameworksBuildPhase;
			buildActionMask = 2147483647;
			files = (
				8BE0B4F91E02693D00AD8A01 /* Security.framework in Frameworks */,
			);
			runOnlyForDeploymentPostprocessing = 0;
		};
		8B021B291DB626CC00B651C7 /* Frameworks */ = {
			isa = PBXFrameworksBuildPhase;
			buildActionMask = 2147483647;
			files = (
			);
			runOnlyForDeploymentPostprocessing = 0;
		};
		8B021B341DB626CC00B651C7 /* Frameworks */ = {
			isa = PBXFrameworksBuildPhase;
			buildActionMask = 2147483647;
			files = (
			);
			runOnlyForDeploymentPostprocessing = 0;
		};
/* End PBXFrameworksBuildPhase section */

/* Begin PBXGroup section */
		8B021B0A1DB626CC00B651C7 = {
			isa = PBXGroup;
			children = (
				8B021B151DB626CC00B651C7 /* HttpsServerTrust */,
				8B021B2F1DB626CC00B651C7 /* feTests */,
				8B021B3A1DB626CC00B651C7 /* feUITests */,
				8B021B141DB626CC00B651C7 /* Products */,
				8BE0B4F71E02693D00AD8A01 /* Frameworks */,
			);
			sourceTree = "<group>";
		};
		8B021B141DB626CC00B651C7 /* Products */ = {
			isa = PBXGroup;
			children = (
				8B021B131DB626CC00B651C7 /* HttpsServerTrust.app */,
				8B021B2C1DB626CC00B651C7 /* HttpsServerTrustTests.xctest */,
				8B021B371DB626CC00B651C7 /* HttpsServerTrustUITests.xctest */,
			);
			name = Products;
			sourceTree = "<group>";
		};
		8B021B151DB626CC00B651C7 /* HttpsServerTrust */ = {
			isa = PBXGroup;
			children = (
				8BE0B4FA1E0278BA00AD8A01 /* srca.cer */,
				8B021B191DB626CC00B651C7 /* AppDelegate.h */,
				8B021B1A1DB626CC00B651C7 /* AppDelegate.m */,
				8B021B1C1DB626CC00B651C7 /* ViewController.h */,
				8B021B1D1DB626CC00B651C7 /* ViewController.m */,
				8B021B1F1DB626CC00B651C7 /* Main.storyboard */,
				8B021B221DB626CC00B651C7 /* Assets.xcassets */,
				8B021B241DB626CC00B651C7 /* LaunchScreen.storyboard */,
				8B021B271DB626CC00B651C7 /* Info.plist */,
				8B021B161DB626CC00B651C7 /* Supporting Files */,
			);
			name = HttpsServerTrust;
			path = fe;
			sourceTree = "<group>";
		};
		8B021B161DB626CC00B651C7 /* Supporting Files */ = {
			isa = PBXGroup;
			children = (
				8B021B171DB626CC00B651C7 /* main.m */,
			);
			name = "Supporting Files";
			sourceTree = "<group>";
		};
		8B021B2F1DB626CC00B651C7 /* feTests */ = {
			isa = PBXGroup;
			children = (
				8B021B301DB626CC00B651C7 /* feTests.m */,
				8B021B321DB626CC00B651C7 /* Info.plist */,
			);
			path = feTests;
			sourceTree = "<group>";
		};
		8B021B3A1DB626CC00B651C7 /* feUITests */ = {
			isa = PBXGroup;
			children = (
				8B021B3B1DB626CC00B651C7 /* feUITests.m */,
				8B021B3D1DB626CC00B651C7 /* Info.plist */,
			);
			path = feUITests;
			sourceTree = "<group>";
		};
		8BE0B4F71E02693D00AD8A01 /* Frameworks */ = {
			isa = PBXGroup;
			children = (
				8BE0B4F81E02693D00AD8A01 /* Security.framework */,
			);
			name = Frameworks;
			sourceTree = "<group>";
		};
/* End PBXGroup section */

/* Begin PBXNativeTarget section */
		8B021B121DB626CC00B651C7 /* HttpsServerTrust */ = {
			isa = PBXNativeTarget;
			buildConfigurationList = 8B021B401DB626CC00B651C7 /* Build configuration list for PBXNativeTarget "HttpsServerTrust" */;
			buildPhases = (
				8B021B0F1DB626CC00B651C7 /* Sources */,
				8B021B101DB626CC00B651C7 /* Frameworks */,
				8B021B111DB626CC00B651C7 /* Resources */,
			);
			buildRules = (
			);
			dependencies = (
			);
			name = HttpsServerTrust;
			productName = fe;
			productReference = 8B021B131DB626CC00B651C7 /* HttpsServerTrust.app */;
			productType = "com.apple.product-type.application";
		};
		8B021B2B1DB626CC00B651C7 /* HttpsServerTrustTests */ = {
			isa = PBXNativeTarget;
			buildConfigurationList = 8B021B431DB626CC00B651C7 /* Build configuration list for PBXNativeTarget "HttpsServerTrustTests" */;
			buildPhases = (
				8B021B281DB626CC00B651C7 /* Sources */,
				8B021B291DB626CC00B651C7 /* Frameworks */,
				8B021B2A1DB626CC00B651C7 /* Resources */,
			);
			buildRules = (
			);
			dependencies = (
				8B021B2E1DB626CC00B651C7 /* PBXTargetDependency */,
			);
			name = HttpsServerTrustTests;
			productName = feTests;
			productReference = 8B021B2C1DB626CC00B651C7 /* HttpsServerTrustTests.xctest */;
			productType = "com.apple.product-type.bundle.unit-test";
		};
		8B021B361DB626CC00B651C7 /* HttpsServerTrustUITests */ = {
			isa = PBXNativeTarget;
			buildConfigurationList = 8B021B461DB626CC00B651C7 /* Build configuration list for PBXNativeTarget "HttpsServerTrustUITests" */;
			buildPhases = (
				8B021B331DB626CC00B651C7 /* Sources */,
				8B021B341DB626CC00B651C7 /* Frameworks */,
				8B021B351DB626CC00B651C7 /* Resources */,
			);
			buildRules = (
			);
			dependencies = (
				8B021B391DB626CC00B651C7 /* PBXTargetDependency */,
			);
			name = HttpsServerTrustUITests;
			productName = feUITests;
			productReference = 8B021B371DB626CC00B651C7 /* HttpsServerTrustUITests.xctest */;
			productType = "com.apple.product-type.bundle.ui-testing";
		};
/* End PBXNativeTarget section */

/* Begin PBXProject section */
		8B021B0B1DB626CC00B651C7 /* Project object */ = {
			isa = PBXProject;
			attributes = {
				LastUpgradeCheck = 0720;
				ORGANIZATIONNAME = iOS_Onion;
				TargetAttributes = {
					8B021B121DB626CC00B651C7 = {
						CreatedOnToolsVersion = 7.2;
					};
					8B021B2B1DB626CC00B651C7 = {
						CreatedOnToolsVersion = 7.2;
						TestTargetID = 8B021B121DB626CC00B651C7;
					};
					8B021B361DB626CC00B651C7 = {
						CreatedOnToolsVersion = 7.2;
						TestTargetID = 8B021B121DB626CC00B651C7;
					};
				};
			};
			buildConfigurationList = 8B021B0E1DB626CC00B651C7 /* Build configuration list for PBXProject "HttpsServerTrust" */;
			compatibilityVersion = "Xcode 3.2";
			developmentRegion = English;
			hasScannedForEncodings = 0;
			knownRegions = (
				en,
				Base,
			);
			mainGroup = 8B021B0A1DB626CC00B651C7;
			productRefGroup = 8B021B141DB626CC00B651C7 /* Products */;
			projectDirPath = "";
			projectRoot = "";
			targets = (
				8B021B121DB626CC00B651C7 /* HttpsServerTrust */,
				8B021B2B1DB626CC00B651C7 /* HttpsServerTrustTests */,
				8B021B361DB626CC00B651C7 /* HttpsServerTrustUITests */,
			);
		};
/* End PBXProject section */

/* Begin PBXResourcesBuildPhase section */
		8B021B111DB626CC00B651C7 /* Resources */ = {
			isa = PBXResourcesBuildPhase;
			buildActionMask = 2147483647;
			files = (
				8B021B261DB626CC00B651C7 /* LaunchScreen.storyboard in Resources */,
				8BE0B4FB1E0278BA00AD8A01 /* srca.cer in Resources */,
				8B021B231DB626CC00B651C7 /* Assets.xcassets in Resources */,
				8B021B211DB626CC00B651C7 /* Main.storyboard in Resources */,
			);
			runOnlyForDeploymentPostprocessing = 0;
		};
		8B021B2A1DB626CC00B651C7 /* Resources */ = {
			isa = PBXResourcesBuildPhase;
			buildActionMask = 2147483647;
			files = (
			);
			runOnlyForDeploymentPostprocessing = 0;
		};
		8B021B351DB626CC00B651C7 /* Resources */ = {
			isa = PBXResourcesBuildPhase;
			buildActionMask = 2147483647;
			files = (
			);
			runOnlyForDeploymentPostprocessing = 0;
		};
/* End PBXResourcesBuildPhase section */

/* Begin PBXSourcesBuildPhase section */
		8B021B0F1DB626CC00B651C7 /* Sources */ = {
			isa = PBXSourcesBuildPhase;
			buildActionMask = 2147483647;
			files = (
				8B021B1E1DB626CC00B651C7 /* ViewController.m in Sources */,
				8B021B1B1DB626CC00B651C7 /* AppDelegate.m in Sources */,
				8B021B181DB626CC00B651C7 /* main.m in Sources */,
			);
			runOnlyForDeploymentPostprocessing = 0;
		};
		8B021B281DB626CC00B651C7 /* Sources */ = {
			isa = PBXSourcesBuildPhase;
			buildActionMask = 2147483647;
			files = (
				8B021B311DB626CC00B651C7 /* feTests.m in Sources */,
			);
			runOnlyForDeploymentPostprocessing = 0;
		};
		8B021B331DB626CC00B651C7 /* Sources */ = {
			isa = PBXSourcesBuildPhase;
			buildActionMask = 2147483647;
			files = (
				8B021B3C1DB626CC00B651C7 /* feUITests.m in Sources */,
			);
			runOnlyForDeploymentPostprocessing = 0;
		};
/* End PBXSourcesBuildPhase section */

/* Begin PBXTargetDependency section */
		8B021B2E1DB626CC00B651C7 /* PBXTargetDependency */ = {
			isa = PBXTargetDependency;
			target = 8B021B121DB626CC00B651C7 /* HttpsServerTrust */;
			targetProxy = 8B021B2D1DB626CC00B651C7 /* PBXContainerItemProxy */;
		};
		8B021B391DB626CC00B651C7 /* PBXTargetDependency */ = {
			isa = PBXTargetDependency;
			target = 8B021B121DB626CC00B651C7 /* HttpsServerTrust */;
			targetProxy = 8B021B381DB626CC00B651C7 /* PBXContainerItemProxy */;
		};
/* End PBXTargetDependency section */

/* Begin PBXVariantGroup section */
		8B021B1F1DB626CC00B651C7 /* Main.storyboard */ = {
			isa = PBXVariantGroup;
			children = (
				8B021B201DB626CC00B651C7 /* Base */,
			);
			name = Main.storyboard;
			sourceTree = "<group>";
		};
		8B021B241DB626CC00B651C7 /* LaunchScreen.storyboard */ = {
			isa = PBXVariantGroup;
			children = (
				8B021B251DB626CC00B651C7 /* Base */,
			);
			name = LaunchScreen.storyboard;
			sourceTree = "<group>";
		};
/* End PBXVariantGroup section */

/* Begin XCBuildConfiguration section */
		8B021B3E1DB626CC00B651C7 /* Debug */ = {
			isa = XCBuildConfiguration;
			buildSettings = {
				ALWAYS_SEARCH_USER_PATHS = NO;
				CLANG_CXX_LANGUAGE_STANDARD = "gnu++0x";
				CLANG_CXX_LIBRARY = "libc++";
				CLANG_ENABLE_MODULES = YES;
				CLANG_ENABLE_OBJC_ARC = YES;
				CLANG_WARN_BOOL_CONVERSION = YES;
				CLANG_WARN_CONSTANT_CONVERSION = YES;
				CLANG_WARN_DIRECT_OBJC_ISA_USAGE = YES_ERROR;
				CLANG_WARN_EMPTY_BODY = YES;
				CLANG_WARN_ENUM_CONVERSION = YES;
				CLANG_WARN_INT_CONVERSION = YES;
				CLANG_WARN_OBJC_ROOT_CLASS = YES_ERROR;
				CLANG_WARN_UNREACHABLE_CODE = YES;
				CLANG_WARN__DUPLICATE_METHOD_MATCH = YES;
				"CODE_SIGN_IDENTITY[sdk=iphoneos*]" = "iPhone Developer";
				COPY_PHASE_STRIP = NO;
				DEBUG_INFORMATION_FORMAT = dwarf;
				ENABLE_STRICT_OBJC_MSGSEND = YES;
				ENABLE_TESTABILITY = YES;
				GCC_C_LANGUAGE_STANDARD = gnu99;
				GCC_DYNAMIC_NO_PIC = NO;
				GCC_NO_COMMON_BLOCKS = YES;
				GCC_OPTIMIZATION_LEVEL = 0;
				GCC_PREPROCESSOR_DEFINITIONS = (
					"DEBUG=1",
					"$(inherited)",
				);
				GCC_WARN_64_TO_32_BIT_CONVERSION = YES;
				GCC_WARN_ABOUT_RETURN_TYPE = YES_ERROR;
				GCC_WARN_UNDECLARED_SELECTOR = YES;
				GCC_WARN_UNINITIALIZED_AUTOS = YES_AGGRESSIVE;
				GCC_WARN_UNUSED_FUNCTION = YES;
				GCC_WARN_UNUSED_VARIABLE = YES;
				IPHONEOS_DEPLOYMENT_TARGET = 9.2;
				MTL_ENABLE_DEBUG_INFO = YES;
				ONLY_ACTIVE_ARCH = YES;
				SDKROOT = iphoneos;
				TARGETED_DEVICE_FAMILY = "1,2";
			};
			name = Debug;
		};
		8B021B3F1DB626CC00B651C7 /* Release */ = {
			isa = XCBuildConfiguration;
			buildSettings = {
				ALWAYS_SEARCH_USER_PATHS = NO;
				CLANG_CXX_LANGUAGE_STANDARD = "gnu++0x";
				CLANG_CXX_LIBRARY = "libc++";
				CLANG_ENABLE_MODULES = YES;
				CLANG_ENABLE_OBJC_ARC = YES;
				CLANG_WARN_BOOL_CONVERSION = YES;
				CLANG_WARN_CONSTANT_CONVERSION = YES;
				CLANG_WARN_DIRECT_OBJC_ISA_USAGE = YES_ERROR;
				CLANG_WARN_EMPTY_BODY = YES;
				CLANG_WARN_ENUM_CONVERSION = YES;
				CLANG_WARN_INT_CONVERSION = YES;
				CLANG_WARN_OBJC_ROOT_CLASS = YES_ERROR;
				CLANG_WARN_UNREACHABLE_CODE = YES;
				CLANG_WARN__DUPLICATE_METHOD_MATCH = YES;
				"CODE_SIGN_IDENTITY[sdk=iphoneos*]" = "iPhone Developer";
				COPY_PHASE_STRIP = NO;
				DEBUG_INFORMATION_FORMAT = "dwarf-with-dsym";
				ENABLE_NS_ASSERTIONS = NO;
				ENABLE_STRICT_OBJC_MSGSEND = YES;
				GCC_C_LANGUAGE_STANDARD = gnu99;
				GCC_NO_COMMON_BLOCKS = YES;
				GCC_WARN_64_TO_32_BIT_CONVERSION = YES;
				GCC_WARN_ABOUT_RETURN_TYPE = YES_ERROR;
				GCC_WARN_UNDECLARED_SELECTOR = YES;
				GCC_WARN_UNINITIALIZED_AUTOS = YES_AGGRESSIVE;
				GCC_WARN_UNUSED_FUNCTION = YES;
				GCC_WARN_UNUSED_VARIABLE = YES;
				IPHONEOS_DEPLOYMENT_TARGET = 9.2;
				MTL_ENABLE_DEBUG_INFO = NO;
				SDKROOT = iphoneos;
				TARGETED_DEVICE_FAMILY = "1,2";
				VALIDATE_PRODUCT = YES;
			};
			name = Release;
		};
		8B021B411DB626CC00B651C7 /* Debug */ = {
			isa = XCBuildConfiguration;
			buildSettings = {
				ASSETCATALOG_COMPILER_APPICON_NAME = AppIcon;
				INFOPLIST_FILE = fe/Info.plist;
				IPHONEOS_DEPLOYMENT_TARGET = 7.0;
				LD_RUNPATH_SEARCH_PATHS = "$(inherited) @executable_path/Frameworks";
				PRODUCT_BUNDLE_IDENTIFIER = df.fe;
				PRODUCT_NAME = "$(TARGET_NAME)";
			};
			name = Debug;
		};
		8B021B421DB626CC00B651C7 /* Release */ = {
			isa = XCBuildConfiguration;
			buildSettings = {
				ASSETCATALOG_COMPILER_APPICON_NAME = AppIcon;
				INFOPLIST_FILE = fe/Info.plist;
				IPHONEOS_DEPLOYMENT_TARGET = 7.0;
				LD_RUNPATH_SEARCH_PATHS = "$(inherited) @executable_path/Frameworks";
				PRODUCT_BUNDLE_IDENTIFIER = df.fe;
				PRODUCT_NAME = "$(TARGET_NAME)";
			};
			name = Release;
		};
		8B021B441DB626CC00B651C7 /* Debug */ = {
			isa = XCBuildConfiguration;
			buildSettings = {
				BUNDLE_LOADER = "$(TEST_HOST)";
				INFOPLIST_FILE = feTests/Info.plist;
				LD_RUNPATH_SEARCH_PATHS = "$(inherited) @executable_path/Frameworks @loader_path/Frameworks";
				PRODUCT_BUNDLE_IDENTIFIER = df.feTests;
				PRODUCT_NAME = "$(TARGET_NAME)";
				TEST_HOST = "$(BUILT_PRODUCTS_DIR)/HttpsServerTrust.app/HttpsServerTrust";
			};
			name = Debug;
		};
		8B021B451DB626CC00B651C7 /* Release */ = {
			isa = XCBuildConfiguration;
			buildSettings = {
				BUNDLE_LOADER = "$(TEST_HOST)";
				INFOPLIST_FILE = feTests/Info.plist;
				LD_RUNPATH_SEARCH_PATHS = "$(inherited) @executable_path/Frameworks @loader_path/Frameworks";
				PRODUCT_BUNDLE_IDENTIFIER = df.feTests;
				PRODUCT_NAME = "$(TARGET_NAME)";
				TEST_HOST = "$(BUILT_PRODUCTS_DIR)/HttpsServerTrust.app/HttpsServerTrust";
			};
			name = Release;
		};
		8B021B471DB626CC00B651C7 /* Debug */ = {
			isa = XCBuildConfiguration;
			buildSettings = {
				INFOPLIST_FILE = feUITests/Info.plist;
				LD_RUNPATH_SEARCH_PATHS = "$(inherited) @executable_path/Frameworks @loader_path/Frameworks";
				PRODUCT_BUNDLE_IDENTIFIER = df.feUITests;
				PRODUCT_NAME = "$(TARGET_NAME)";
				TEST_TARGET_NAME = fe;
				USES_XCTRUNNER = YES;
			};
			name = Debug;
		};
		8B021B481DB626CC00B651C7 /* Release */ = {
			isa = XCBuildConfiguration;
			buildSettings = {
				INFOPLIST_FILE = feUITests/Info.plist;
				LD_RUNPATH_SEARCH_PATHS = "$(inherited) @executable_path/Frameworks @loader_path/Frameworks";
				PRODUCT_BUNDLE_IDENTIFIER = df.feUITests;
				PRODUCT_NAME = "$(TARGET_NAME)";
				TEST_TARGET_NAME = fe;
				USES_XCTRUNNER = YES;
			};
			name = Release;
		};
/* End XCBuildConfiguration section */

/* Begin XCConfigurationList section */
		8B021B0E1DB626CC00B651C7 /* Build configuration list for PBXProject "HttpsServerTrust" */ = {
			isa = XCConfigurationList;
			buildConfigurations = (
				8B021B3E1DB626CC00B651C7 /* Debug */,
				8B021B3F1DB626CC00B651C7 /* Release */,
			);
			defaultConfigurationIsVisible = 0;
			defaultConfigurationName = Release;
		};
		8B021B401DB626CC00B651C7 /* Build configuration list for PBXNativeTarget "HttpsServerTrust" */ = {
			isa = XCConfigurationList;
			buildConfigurations = (
				8B021B411DB626CC00B651C7 /* Debug */,
				8B021B421DB626CC00B651C7 /* Release */,
			);
			defaultConfigurationIsVisible = 0;
			defaultConfigurationName = Release;
		};
		8B021B431DB626CC00B651C7 /* Build configuration list for PBXNativeTarget "HttpsServerTrustTests" */ = {
			isa = XCConfigurationList;
			buildConfigurations = (
				8B021B441DB626CC00B651C7 /* Debug */,
				8B021B451DB626CC00B651C7 /* Release */,
			);
			defaultConfigurationIsVisible = 0;
			defaultConfigurationName = Release;
		};
		8B021B461DB626CC00B651C7 /* Build configuration list for PBXNativeTarget "HttpsServerTrustUITests" */ = {
			isa = XCConfigurationList;
			buildConfigurations = (
				8B021B471DB626CC00B651C7 /* Debug */,
				8B021B481DB626CC00B651C7 /* Release */,
			);
			defaultConfigurationIsVisible = 0;
			defaultConfigurationName = Release;
		};
/* End XCConfigurationList section */
	};
	rootObject = 8B021B0B1DB626CC00B651C7 /* Project object */;
}
